// !$*UTF8*$!
{
	archiveVersion = 1;
	classes = {
	};
	objectVersion = 51;
	objects = {

/* Begin PBXBuildFile section */
		2BDFFD8026751FAF009D2142 /* GoogleService-Info.plist in Resources */ = {isa = PBXBuildFile; fileRef = 2BDFFD7F26751FAF009D2142 /* GoogleService-Info.plist */; };
		6D084A9525F77F7000068E13 /* ViewControllerLogin.swift in Sources */ = {isa = PBXBuildFile; fileRef = 6D084A9425F77F7000068E13 /* ViewControllerLogin.swift */; };
		6D084A9A25F7866B00068E13 /* ViewControllerProfile.swift in Sources */ = {isa = PBXBuildFile; fileRef = 6D084A9925F7866B00068E13 /* ViewControllerProfile.swift */; };
		6D084AA025F79D8A00068E13 /* ViewControllerRegister.swift in Sources */ = {isa = PBXBuildFile; fileRef = 6D084A9F25F79D8900068E13 /* ViewControllerRegister.swift */; };
		6D084AA625F79EA900068E13 /* Utilities.swift in Sources */ = {isa = PBXBuildFile; fileRef = 6D084AA525F79EA900068E13 /* Utilities.swift */; };
		6D084AA925F7C18D00068E13 /* Constants.swift in Sources */ = {isa = PBXBuildFile; fileRef = 6D084AA825F7C18D00068E13 /* Constants.swift */; };
		6D084AB525F7CADE00068E13 /* Surf.mp4 in Resources */ = {isa = PBXBuildFile; fileRef = 6D084AB425F7CADE00068E13 /* Surf.mp4 */; };
		6D1EBA6326781BA20051D150 /* ViewControllerBookStep.swift in Sources */ = {isa = PBXBuildFile; fileRef = 6D1EBA6226781BA20051D150 /* ViewControllerBookStep.swift */; };
		6D1EBA88267888120051D150 /* ViewControllerStep3.swift in Sources */ = {isa = PBXBuildFile; fileRef = 6D1EBA87267888120051D150 /* ViewControllerStep3.swift */; };
		6D1EBA8B267888300051D150 /* ViewControllerStep4.swift in Sources */ = {isa = PBXBuildFile; fileRef = 6D1EBA8A267888300051D150 /* ViewControllerStep4.swift */; };
		6D1EBA902678885A0051D150 /* ViewControllerStep2.swift in Sources */ = {isa = PBXBuildFile; fileRef = 6D1EBA8F2678885A0051D150 /* ViewControllerStep2.swift */; };
		6D1EBA93267888760051D150 /* ViewControllerStep1.swift in Sources */ = {isa = PBXBuildFile; fileRef = 6D1EBA92267888760051D150 /* ViewControllerStep1.swift */; };
		6D3E63CA26045E900034152D /* NavigationControllerProfile.swift in Sources */ = {isa = PBXBuildFile; fileRef = 6D3E63C926045E900034152D /* NavigationControllerProfile.swift */; };
		6DA4C23F25F5C5BA00674DFD /* AppDelegate.swift in Sources */ = {isa = PBXBuildFile; fileRef = 6DA4C23E25F5C5BA00674DFD /* AppDelegate.swift */; };
		6DA4C24125F5C5BA00674DFD /* SceneDelegate.swift in Sources */ = {isa = PBXBuildFile; fileRef = 6DA4C24025F5C5BA00674DFD /* SceneDelegate.swift */; };
		6DA4C24625F5C5BA00674DFD /* Main.storyboard in Resources */ = {isa = PBXBuildFile; fileRef = 6DA4C24425F5C5BA00674DFD /* Main.storyboard */; };
		6DA4C24925F5C5BA00674DFD /* Mar_iguana_Tours.xcdatamodeld in Sources */ = {isa = PBXBuildFile; fileRef = 6DA4C24725F5C5BA00674DFD /* Mar_iguana_Tours.xcdatamodeld */; };
		6DA4C24B25F5C5BB00674DFD /* Assets.xcassets in Resources */ = {isa = PBXBuildFile; fileRef = 6DA4C24A25F5C5BB00674DFD /* Assets.xcassets */; };
		6DA4C24E25F5C5BB00674DFD /* LaunchScreen.storyboard in Resources */ = {isa = PBXBuildFile; fileRef = 6DA4C24C25F5C5BB00674DFD /* LaunchScreen.storyboard */; };
		6DB72C6025FE232500D83752 /* ConfigData.swift in Sources */ = {isa = PBXBuildFile; fileRef = 6DB72C5F25FE232500D83752 /* ConfigData.swift */; };
		90F5134D1E507C20868FE676 /* Pods_Mar_iguana_Tours.framework in Frameworks */ = {isa = PBXBuildFile; fileRef = EBEBCD3341FE1787354AD572 /* Pods_Mar_iguana_Tours.framework */; };
		9FB31B3D25FF0883006EA3D2 /* FloatinLabelInput.swift in Sources */ = {isa = PBXBuildFile; fileRef = 9FB31B3C25FF0883006EA3D2 /* FloatinLabelInput.swift */; };
		9FB31B4326001ADC006EA3D2 /* ColorUtils.swift in Sources */ = {isa = PBXBuildFile; fileRef = 9FB31B4226001ADC006EA3D2 /* ColorUtils.swift */; };
		9FB31B4726001FDE006EA3D2 /* FormatUtils.swift in Sources */ = {isa = PBXBuildFile; fileRef = 9FB31B4626001FDE006EA3D2 /* FormatUtils.swift */; };
		9FBFF99D25F81E5300FA9796 /* TableTableViewController.swift in Sources */ = {isa = PBXBuildFile; fileRef = 9FBFF99C25F81E5300FA9796 /* TableTableViewController.swift */; };
		9FBFF9A125F82CD000FA9796 /* TableViewCell.swift in Sources */ = {isa = PBXBuildFile; fileRef = 9FBFF99F25F82CD000FA9796 /* TableViewCell.swift */; };
		9FBFF9A225F82CD000FA9796 /* TableViewCell.xib in Resources */ = {isa = PBXBuildFile; fileRef = 9FBFF9A025F82CD000FA9796 /* TableViewCell.xib */; };
		9FBFF9A925F992EE00FA9796 /* Viaje.swift in Sources */ = {isa = PBXBuildFile; fileRef = 9FBFF9A825F992EE00FA9796 /* Viaje.swift */; };
/* End PBXBuildFile section */

/* Begin PBXFileReference section */
		2BDFFD7F26751FAF009D2142 /* GoogleService-Info.plist */ = {isa = PBXFileReference; fileEncoding = 4; lastKnownFileType = text.plist.xml; path = "GoogleService-Info.plist"; sourceTree = "<group>"; };
		6D084A9425F77F7000068E13 /* ViewControllerLogin.swift */ = {isa = PBXFileReference; lastKnownFileType = sourcecode.swift; path = ViewControllerLogin.swift; sourceTree = "<group>"; };
		6D084A9925F7866B00068E13 /* ViewControllerProfile.swift */ = {isa = PBXFileReference; lastKnownFileType = sourcecode.swift; path = ViewControllerProfile.swift; sourceTree = "<group>"; };
		6D084A9F25F79D8900068E13 /* ViewControllerRegister.swift */ = {isa = PBXFileReference; lastKnownFileType = sourcecode.swift; path = ViewControllerRegister.swift; sourceTree = "<group>"; };
		6D084AA525F79EA900068E13 /* Utilities.swift */ = {isa = PBXFileReference; lastKnownFileType = sourcecode.swift; path = Utilities.swift; sourceTree = "<group>"; };
		6D084AA825F7C18D00068E13 /* Constants.swift */ = {isa = PBXFileReference; lastKnownFileType = sourcecode.swift; path = Constants.swift; sourceTree = "<group>"; };
		6D084AB425F7CADE00068E13 /* Surf.mp4 */ = {isa = PBXFileReference; lastKnownFileType = file; path = Surf.mp4; sourceTree = "<group>"; };
		6D1EBA6226781BA20051D150 /* ViewControllerBookStep.swift */ = {isa = PBXFileReference; lastKnownFileType = sourcecode.swift; path = ViewControllerBookStep.swift; sourceTree = "<group>"; };
		6D1EBA87267888120051D150 /* ViewControllerStep3.swift */ = {isa = PBXFileReference; lastKnownFileType = sourcecode.swift; path = ViewControllerStep3.swift; sourceTree = "<group>"; };
		6D1EBA8A267888300051D150 /* ViewControllerStep4.swift */ = {isa = PBXFileReference; lastKnownFileType = sourcecode.swift; path = ViewControllerStep4.swift; sourceTree = "<group>"; };
		6D1EBA8F2678885A0051D150 /* ViewControllerStep2.swift */ = {isa = PBXFileReference; lastKnownFileType = sourcecode.swift; path = ViewControllerStep2.swift; sourceTree = "<group>"; };
		6D1EBA92267888760051D150 /* ViewControllerStep1.swift */ = {isa = PBXFileReference; lastKnownFileType = sourcecode.swift; path = ViewControllerStep1.swift; sourceTree = "<group>"; };
		6D3E63C926045E900034152D /* NavigationControllerProfile.swift */ = {isa = PBXFileReference; lastKnownFileType = sourcecode.swift; path = NavigationControllerProfile.swift; sourceTree = "<group>"; };
		6DA4C23B25F5C5BA00674DFD /* Mar-iguana Tours.app */ = {isa = PBXFileReference; explicitFileType = wrapper.application; includeInIndex = 0; path = "Mar-iguana Tours.app"; sourceTree = BUILT_PRODUCTS_DIR; };
		6DA4C23E25F5C5BA00674DFD /* AppDelegate.swift */ = {isa = PBXFileReference; lastKnownFileType = sourcecode.swift; path = AppDelegate.swift; sourceTree = "<group>"; };
		6DA4C24025F5C5BA00674DFD /* SceneDelegate.swift */ = {isa = PBXFileReference; lastKnownFileType = sourcecode.swift; path = SceneDelegate.swift; sourceTree = "<group>"; };
		6DA4C24525F5C5BA00674DFD /* Base */ = {isa = PBXFileReference; lastKnownFileType = file.storyboard; name = Base; path = Base.lproj/Main.storyboard; sourceTree = "<group>"; };
		6DA4C24825F5C5BA00674DFD /* Mar_iguana_Tours.xcdatamodel */ = {isa = PBXFileReference; lastKnownFileType = wrapper.xcdatamodel; path = Mar_iguana_Tours.xcdatamodel; sourceTree = "<group>"; };
		6DA4C24A25F5C5BB00674DFD /* Assets.xcassets */ = {isa = PBXFileReference; lastKnownFileType = folder.assetcatalog; path = Assets.xcassets; sourceTree = "<group>"; };
		6DA4C24D25F5C5BB00674DFD /* Base */ = {isa = PBXFileReference; lastKnownFileType = file.storyboard; name = Base; path = Base.lproj/LaunchScreen.storyboard; sourceTree = "<group>"; };
		6DA4C24F25F5C5BB00674DFD /* Info.plist */ = {isa = PBXFileReference; lastKnownFileType = text.plist.xml; path = Info.plist; sourceTree = "<group>"; };
		6DB72C5F25FE232500D83752 /* ConfigData.swift */ = {isa = PBXFileReference; lastKnownFileType = sourcecode.swift; path = ConfigData.swift; sourceTree = "<group>"; };
		96A0CC8EB684396331E31E67 /* Pods-Mar-iguana Tours.debug.xcconfig */ = {isa = PBXFileReference; includeInIndex = 1; lastKnownFileType = text.xcconfig; name = "Pods-Mar-iguana Tours.debug.xcconfig"; path = "Target Support Files/Pods-Mar-iguana Tours/Pods-Mar-iguana Tours.debug.xcconfig"; sourceTree = "<group>"; };
		9FB31B3C25FF0883006EA3D2 /* FloatinLabelInput.swift */ = {isa = PBXFileReference; fileEncoding = 4; lastKnownFileType = sourcecode.swift; path = FloatinLabelInput.swift; sourceTree = "<group>"; };
		9FB31B4226001ADC006EA3D2 /* ColorUtils.swift */ = {isa = PBXFileReference; fileEncoding = 4; lastKnownFileType = sourcecode.swift; path = ColorUtils.swift; sourceTree = "<group>"; };
		9FB31B4626001FDE006EA3D2 /* FormatUtils.swift */ = {isa = PBXFileReference; lastKnownFileType = sourcecode.swift; path = FormatUtils.swift; sourceTree = "<group>"; };
		9FBFF99C25F81E5300FA9796 /* TableTableViewController.swift */ = {isa = PBXFileReference; lastKnownFileType = sourcecode.swift; path = TableTableViewController.swift; sourceTree = "<group>"; };
		9FBFF99F25F82CD000FA9796 /* TableViewCell.swift */ = {isa = PBXFileReference; lastKnownFileType = sourcecode.swift; path = TableViewCell.swift; sourceTree = "<group>"; };
		9FBFF9A025F82CD000FA9796 /* TableViewCell.xib */ = {isa = PBXFileReference; lastKnownFileType = file.xib; path = TableViewCell.xib; sourceTree = "<group>"; };
		9FBFF9A825F992EE00FA9796 /* Viaje.swift */ = {isa = PBXFileReference; lastKnownFileType = sourcecode.swift; path = Viaje.swift; sourceTree = "<group>"; };
		B342FC8BE681145152CCD219 /* Pods-Mar-iguana Tours.release.xcconfig */ = {isa = PBXFileReference; includeInIndex = 1; lastKnownFileType = text.xcconfig; name = "Pods-Mar-iguana Tours.release.xcconfig"; path = "Target Support Files/Pods-Mar-iguana Tours/Pods-Mar-iguana Tours.release.xcconfig"; sourceTree = "<group>"; };
		EBEBCD3341FE1787354AD572 /* Pods_Mar_iguana_Tours.framework */ = {isa = PBXFileReference; explicitFileType = wrapper.framework; includeInIndex = 0; path = Pods_Mar_iguana_Tours.framework; sourceTree = BUILT_PRODUCTS_DIR; };
/* End PBXFileReference section */

/* Begin PBXFrameworksBuildPhase section */
		6DA4C23825F5C5BA00674DFD /* Frameworks */ = {
			isa = PBXFrameworksBuildPhase;
			buildActionMask = 2147483647;
			files = (
				90F5134D1E507C20868FE676 /* Pods_Mar_iguana_Tours.framework in Frameworks */,
			);
			runOnlyForDeploymentPostprocessing = 0;
		};
/* End PBXFrameworksBuildPhase section */

/* Begin PBXGroup section */
		421E006201F9E7D7B70D9263 /* Pods */ = {
			isa = PBXGroup;
			children = (
				96A0CC8EB684396331E31E67 /* Pods-Mar-iguana Tours.debug.xcconfig */,
				B342FC8BE681145152CCD219 /* Pods-Mar-iguana Tours.release.xcconfig */,
			);
			path = Pods;
			sourceTree = "<group>";
		};
		6D084A9D25F7977600068E13 /* User View Controllers */ = {
			isa = PBXGroup;
			children = (
				6D3E63C926045E900034152D /* NavigationControllerProfile.swift */,
				6D084A9425F77F7000068E13 /* ViewControllerLogin.swift */,
				6D084A9F25F79D8900068E13 /* ViewControllerRegister.swift */,
				6D084A9925F7866B00068E13 /* ViewControllerProfile.swift */,
			);
			path = "User View Controllers";
			sourceTree = "<group>";
		};
		6D084AA425F79E6100068E13 /* Helpers */ = {
			isa = PBXGroup;
			children = (
				9FB31B3C25FF0883006EA3D2 /* FloatinLabelInput.swift */,
				9FB31B4226001ADC006EA3D2 /* ColorUtils.swift */,
				6D084AA525F79EA900068E13 /* Utilities.swift */,
				6D084AA825F7C18D00068E13 /* Constants.swift */,
				9FB31B4626001FDE006EA3D2 /* FormatUtils.swift */,
				6DB72C5F25FE232500D83752 /* ConfigData.swift */,
			);
			path = Helpers;
			sourceTree = "<group>";
		};
		6D084AAE25F7C8F600068E13 /* Media */ = {
			isa = PBXGroup;
			children = (
				6D084AB425F7CADE00068E13 /* Surf.mp4 */,
			);
			path = Media;
			sourceTree = "<group>";
		};
		6D1EBA522678187A0051D150 /* Booking */ = {
			isa = PBXGroup;
			children = (
				6D1EBA6226781BA20051D150 /* ViewControllerBookStep.swift */,
				6D1EBA92267888760051D150 /* ViewControllerStep1.swift */,
				6D1EBA8F2678885A0051D150 /* ViewControllerStep2.swift */,
				6D1EBA87267888120051D150 /* ViewControllerStep3.swift */,
				6D1EBA8A267888300051D150 /* ViewControllerStep4.swift */,
			);
			path = Booking;
			sourceTree = "<group>";
		};
		6D3DC6002605DEAB00A09E63 /* Viaje */ = {
			isa = PBXGroup;
			children = (
				6D1EBA522678187A0051D150 /* Booking */,
				9FBFF9A825F992EE00FA9796 /* Viaje.swift */,
				9FBFF99C25F81E5300FA9796 /* TableTableViewController.swift */,
				9FBFF99F25F82CD000FA9796 /* TableViewCell.swift */,
				9FBFF9A025F82CD000FA9796 /* TableViewCell.xib */,
			);
			path = Viaje;
			sourceTree = "<group>";
		};
		6DA4C23225F5C5BA00674DFD = {
			isa = PBXGroup;
			children = (
				6DA4C23D25F5C5BA00674DFD /* Mar-iguana Tours */,
				6DA4C23C25F5C5BA00674DFD /* Products */,
				421E006201F9E7D7B70D9263 /* Pods */,
				8042BB8E78C53B3DBEDDCB5C /* Frameworks */,
			);
			sourceTree = "<group>";
		};
		6DA4C23C25F5C5BA00674DFD /* Products */ = {
			isa = PBXGroup;
			children = (
				6DA4C23B25F5C5BA00674DFD /* Mar-iguana Tours.app */,
			);
			name = Products;
			sourceTree = "<group>";
		};
		6DA4C23D25F5C5BA00674DFD /* Mar-iguana Tours */ = {
			isa = PBXGroup;
			children = (
				6DA4C23E25F5C5BA00674DFD /* AppDelegate.swift */,
				6DA4C24025F5C5BA00674DFD /* SceneDelegate.swift */,
				6DA4C24425F5C5BA00674DFD /* Main.storyboard */,
				6D3DC6002605DEAB00A09E63 /* Viaje */,
				6D084A9D25F7977600068E13 /* User View Controllers */,
				6D084AA425F79E6100068E13 /* Helpers */,
				6DA4C24A25F5C5BB00674DFD /* Assets.xcassets */,
				6D084AAE25F7C8F600068E13 /* Media */,
				6DA4C24C25F5C5BB00674DFD /* LaunchScreen.storyboard */,
				6DA4C24F25F5C5BB00674DFD /* Info.plist */,
				2BDFFD7F26751FAF009D2142 /* GoogleService-Info.plist */,
				6DA4C24725F5C5BA00674DFD /* Mar_iguana_Tours.xcdatamodeld */,
			);
			path = "Mar-iguana Tours";
			sourceTree = "<group>";
		};
		8042BB8E78C53B3DBEDDCB5C /* Frameworks */ = {
			isa = PBXGroup;
			children = (
				EBEBCD3341FE1787354AD572 /* Pods_Mar_iguana_Tours.framework */,
			);
			name = Frameworks;
			sourceTree = "<group>";
		};
/* End PBXGroup section */

/* Begin PBXNativeTarget section */
		6DA4C23A25F5C5BA00674DFD /* Mar-iguana Tours */ = {
			isa = PBXNativeTarget;
			buildConfigurationList = 6DA4C25225F5C5BB00674DFD /* Build configuration list for PBXNativeTarget "Mar-iguana Tours" */;
			buildPhases = (
				B1B4DFA573D35F129553A888 /* [CP] Check Pods Manifest.lock */,
				6DA4C23725F5C5BA00674DFD /* Sources */,
				6DA4C23825F5C5BA00674DFD /* Frameworks */,
				6DA4C23925F5C5BA00674DFD /* Resources */,
				A8D7C5173792B2231DEF7327 /* [CP] Embed Pods Frameworks */,
			);
			buildRules = (
			);
			dependencies = (
			);
			name = "Mar-iguana Tours";
			productName = "Mar-iguana Tours";
			productReference = 6DA4C23B25F5C5BA00674DFD /* Mar-iguana Tours.app */;
			productType = "com.apple.product-type.application";
		};
/* End PBXNativeTarget section */

/* Begin PBXProject section */
		6DA4C23325F5C5BA00674DFD /* Project object */ = {
			isa = PBXProject;
			attributes = {
				LastSwiftUpdateCheck = 1240;
				LastUpgradeCheck = 1250;
				TargetAttributes = {
					6DA4C23A25F5C5BA00674DFD = {
						CreatedOnToolsVersion = 12.4;
					};
				};
			};
			buildConfigurationList = 6DA4C23625F5C5BA00674DFD /* Build configuration list for PBXProject "Mar-iguana Tours" */;
			compatibilityVersion = "Xcode 9.3";
			developmentRegion = en;
			hasScannedForEncodings = 0;
			knownRegions = (
				en,
				Base,
			);
			mainGroup = 6DA4C23225F5C5BA00674DFD;
			productRefGroup = 6DA4C23C25F5C5BA00674DFD /* Products */;
			projectDirPath = "";
			projectRoot = "";
			targets = (
				6DA4C23A25F5C5BA00674DFD /* Mar-iguana Tours */,
			);
		};
/* End PBXProject section */

/* Begin PBXResourcesBuildPhase section */
		6DA4C23925F5C5BA00674DFD /* Resources */ = {
			isa = PBXResourcesBuildPhase;
			buildActionMask = 2147483647;
			files = (
				6DA4C24E25F5C5BB00674DFD /* LaunchScreen.storyboard in Resources */,
				9FBFF9A225F82CD000FA9796 /* TableViewCell.xib in Resources */,
				6DA4C24B25F5C5BB00674DFD /* Assets.xcassets in Resources */,
				6DA4C24625F5C5BA00674DFD /* Main.storyboard in Resources */,
				6D084AB525F7CADE00068E13 /* Surf.mp4 in Resources */,
				2BDFFD8026751FAF009D2142 /* GoogleService-Info.plist in Resources */,
			);
			runOnlyForDeploymentPostprocessing = 0;
		};
/* End PBXResourcesBuildPhase section */

/* Begin PBXShellScriptBuildPhase section */
		A8D7C5173792B2231DEF7327 /* [CP] Embed Pods Frameworks */ = {
			isa = PBXShellScriptBuildPhase;
			buildActionMask = 2147483647;
			files = (
			);
			inputFileListPaths = (
				"${PODS_ROOT}/Target Support Files/Pods-Mar-iguana Tours/Pods-Mar-iguana Tours-frameworks-${CONFIGURATION}-input-files.xcfilelist",
			);
			name = "[CP] Embed Pods Frameworks";
			outputFileListPaths = (
				"${PODS_ROOT}/Target Support Files/Pods-Mar-iguana Tours/Pods-Mar-iguana Tours-frameworks-${CONFIGURATION}-output-files.xcfilelist",
			);
			runOnlyForDeploymentPostprocessing = 0;
			shellPath = /bin/sh;
			shellScript = "\"${PODS_ROOT}/Target Support Files/Pods-Mar-iguana Tours/Pods-Mar-iguana Tours-frameworks.sh\"\n";
			showEnvVarsInLog = 0;
		};
		B1B4DFA573D35F129553A888 /* [CP] Check Pods Manifest.lock */ = {
			isa = PBXShellScriptBuildPhase;
			buildActionMask = 2147483647;
			files = (
			);
			inputFileListPaths = (
			);
			inputPaths = (
				"${PODS_PODFILE_DIR_PATH}/Podfile.lock",
				"${PODS_ROOT}/Manifest.lock",
			);
			name = "[CP] Check Pods Manifest.lock";
			outputFileListPaths = (
			);
			outputPaths = (
				"$(DERIVED_FILE_DIR)/Pods-Mar-iguana Tours-checkManifestLockResult.txt",
			);
			runOnlyForDeploymentPostprocessing = 0;
			shellPath = /bin/sh;
			shellScript = "diff \"${PODS_PODFILE_DIR_PATH}/Podfile.lock\" \"${PODS_ROOT}/Manifest.lock\" > /dev/null\nif [ $? != 0 ] ; then\n    # print error to STDERR\n    echo \"error: The sandbox is not in sync with the Podfile.lock. Run 'pod install' or update your CocoaPods installation.\" >&2\n    exit 1\nfi\n# This output is used by Xcode 'outputs' to avoid re-running this script phase.\necho \"SUCCESS\" > \"${SCRIPT_OUTPUT_FILE_0}\"\n";
			showEnvVarsInLog = 0;
		};
/* End PBXShellScriptBuildPhase section */

/* Begin PBXSourcesBuildPhase section */
		6DA4C23725F5C5BA00674DFD /* Sources */ = {
			isa = PBXSourcesBuildPhase;
			buildActionMask = 2147483647;
			files = (
				9FBFF99D25F81E5300FA9796 /* TableTableViewController.swift in Sources */,
				9FBFF9A925F992EE00FA9796 /* Viaje.swift in Sources */,
				6D1EBA8B267888300051D150 /* ViewControllerStep4.swift in Sources */,
				6D1EBA88267888120051D150 /* ViewControllerStep3.swift in Sources */,
				6DA4C24925F5C5BA00674DFD /* Mar_iguana_Tours.xcdatamodeld in Sources */,
				6D1EBA902678885A0051D150 /* ViewControllerStep2.swift in Sources */,
				9FBFF9A125F82CD000FA9796 /* TableViewCell.swift in Sources */,
				6D084A9A25F7866B00068E13 /* ViewControllerProfile.swift in Sources */,
				6D1EBA6326781BA20051D150 /* ViewControllerBookStep.swift in Sources */,
				9FB31B3D25FF0883006EA3D2 /* FloatinLabelInput.swift in Sources */,
				6D084A9525F77F7000068E13 /* ViewControllerLogin.swift in Sources */,
				9FB31B4726001FDE006EA3D2 /* FormatUtils.swift in Sources */,
				9FB31B4326001ADC006EA3D2 /* ColorUtils.swift in Sources */,
				6D084AA025F79D8A00068E13 /* ViewControllerRegister.swift in Sources */,
				6DA4C23F25F5C5BA00674DFD /* AppDelegate.swift in Sources */,
				6D084AA625F79EA900068E13 /* Utilities.swift in Sources */,
				6D3E63CA26045E900034152D /* NavigationControllerProfile.swift in Sources */,
				6D1EBA93267888760051D150 /* ViewControllerStep1.swift in Sources */,
				6DA4C24125F5C5BA00674DFD /* SceneDelegate.swift in Sources */,
				6DB72C6025FE232500D83752 /* ConfigData.swift in Sources */,
				6D084AA925F7C18D00068E13 /* Constants.swift in Sources */,
			);
			runOnlyForDeploymentPostprocessing = 0;
		};
/* End PBXSourcesBuildPhase section */

/* Begin PBXVariantGroup section */
		6DA4C24425F5C5BA00674DFD /* Main.storyboard */ = {
			isa = PBXVariantGroup;
			children = (
				6DA4C24525F5C5BA00674DFD /* Base */,
			);
			name = Main.storyboard;
			sourceTree = "<group>";
		};
		6DA4C24C25F5C5BB00674DFD /* LaunchScreen.storyboard */ = {
			isa = PBXVariantGroup;
			children = (
				6DA4C24D25F5C5BB00674DFD /* Base */,
			);
			name = LaunchScreen.storyboard;
			sourceTree = "<group>";
		};
/* End PBXVariantGroup section */

/* Begin XCBuildConfiguration section */
		6DA4C25025F5C5BB00674DFD /* Debug */ = {
			isa = XCBuildConfiguration;
			buildSettings = {
				ALWAYS_SEARCH_USER_PATHS = NO;
				CLANG_ANALYZER_NONNULL = YES;
				CLANG_ANALYZER_NUMBER_OBJECT_CONVERSION = YES_AGGRESSIVE;
				CLANG_CXX_LANGUAGE_STANDARD = "gnu++14";
				CLANG_CXX_LIBRARY = "libc++";
				CLANG_ENABLE_MODULES = YES;
				CLANG_ENABLE_OBJC_ARC = YES;
				CLANG_ENABLE_OBJC_WEAK = YES;
				CLANG_WARN_BLOCK_CAPTURE_AUTORELEASING = YES;
				CLANG_WARN_BOOL_CONVERSION = YES;
				CLANG_WARN_COMMA = YES;
				CLANG_WARN_CONSTANT_CONVERSION = YES;
				CLANG_WARN_DEPRECATED_OBJC_IMPLEMENTATIONS = YES;
				CLANG_WARN_DIRECT_OBJC_ISA_USAGE = YES_ERROR;
				CLANG_WARN_DOCUMENTATION_COMMENTS = YES;
				CLANG_WARN_EMPTY_BODY = YES;
				CLANG_WARN_ENUM_CONVERSION = YES;
				CLANG_WARN_INFINITE_RECURSION = YES;
				CLANG_WARN_INT_CONVERSION = YES;
				CLANG_WARN_NON_LITERAL_NULL_CONVERSION = YES;
				CLANG_WARN_OBJC_IMPLICIT_RETAIN_SELF = YES;
				CLANG_WARN_OBJC_LITERAL_CONVERSION = YES;
				CLANG_WARN_OBJC_ROOT_CLASS = YES_ERROR;
				CLANG_WARN_QUOTED_INCLUDE_IN_FRAMEWORK_HEADER = YES;
				CLANG_WARN_RANGE_LOOP_ANALYSIS = YES;
				CLANG_WARN_STRICT_PROTOTYPES = YES;
				CLANG_WARN_SUSPICIOUS_MOVE = YES;
				CLANG_WARN_UNGUARDED_AVAILABILITY = YES_AGGRESSIVE;
				CLANG_WARN_UNREACHABLE_CODE = YES;
				CLANG_WARN__DUPLICATE_METHOD_MATCH = YES;
				COPY_PHASE_STRIP = NO;
				DEBUG_INFORMATION_FORMAT = dwarf;
				ENABLE_STRICT_OBJC_MSGSEND = YES;
				ENABLE_TESTABILITY = YES;
				GCC_C_LANGUAGE_STANDARD = gnu11;
				GCC_DYNAMIC_NO_PIC = NO;
				GCC_NO_COMMON_BLOCKS = YES;
				GCC_OPTIMIZATION_LEVEL = 0;
				GCC_PREPROCESSOR_DEFINITIONS = (
					"DEBUG=1",
					"$(inherited)",
				);
				GCC_WARN_64_TO_32_BIT_CONVERSION = YES;
				GCC_WARN_ABOUT_RETURN_TYPE = YES_ERROR;
				GCC_WARN_UNDECLARED_SELECTOR = YES;
				GCC_WARN_UNINITIALIZED_AUTOS = YES_AGGRESSIVE;
				GCC_WARN_UNUSED_FUNCTION = YES;
				GCC_WARN_UNUSED_VARIABLE = YES;
				IPHONEOS_DEPLOYMENT_TARGET = 14.4;
				MTL_ENABLE_DEBUG_INFO = INCLUDE_SOURCE;
				MTL_FAST_MATH = YES;
				ONLY_ACTIVE_ARCH = YES;
				SDKROOT = iphoneos;
				SWIFT_ACTIVE_COMPILATION_CONDITIONS = DEBUG;
				SWIFT_OPTIMIZATION_LEVEL = "-Onone";
			};
			name = Debug;
		};
		6DA4C25125F5C5BB00674DFD /* Release */ = {
			isa = XCBuildConfiguration;
			buildSettings = {
				ALWAYS_SEARCH_USER_PATHS = NO;
				CLANG_ANALYZER_NONNULL = YES;
				CLANG_ANALYZER_NUMBER_OBJECT_CONVERSION = YES_AGGRESSIVE;
				CLANG_CXX_LANGUAGE_STANDARD = "gnu++14";
				CLANG_CXX_LIBRARY = "libc++";
				CLANG_ENABLE_MODULES = YES;
				CLANG_ENABLE_OBJC_ARC = YES;
				CLANG_ENABLE_OBJC_WEAK = YES;
				CLANG_WARN_BLOCK_CAPTURE_AUTORELEASING = YES;
				CLANG_WARN_BOOL_CONVERSION = YES;
				CLANG_WARN_COMMA = YES;
				CLANG_WARN_CONSTANT_CONVERSION = YES;
				CLANG_WARN_DEPRECATED_OBJC_IMPLEMENTATIONS = YES;
				CLANG_WARN_DIRECT_OBJC_ISA_USAGE = YES_ERROR;
				CLANG_WARN_DOCUMENTATION_COMMENTS = YES;
				CLANG_WARN_EMPTY_BODY = YES;
				CLANG_WARN_ENUM_CONVERSION = YES;
				CLANG_WARN_INFINITE_RECURSION = YES;
				CLANG_WARN_INT_CONVERSION = YES;
				CLANG_WARN_NON_LITERAL_NULL_CONVERSION = YES;
				CLANG_WARN_OBJC_IMPLICIT_RETAIN_SELF = YES;
				CLANG_WARN_OBJC_LITERAL_CONVERSION = YES;
				CLANG_WARN_OBJC_ROOT_CLASS = YES_ERROR;
				CLANG_WARN_QUOTED_INCLUDE_IN_FRAMEWORK_HEADER = YES;
				CLANG_WARN_RANGE_LOOP_ANALYSIS = YES;
				CLANG_WARN_STRICT_PROTOTYPES = YES;
				CLANG_WARN_SUSPICIOUS_MOVE = YES;
				CLANG_WARN_UNGUARDED_AVAILABILITY = YES_AGGRESSIVE;
				CLANG_WARN_UNREACHABLE_CODE = YES;
				CLANG_WARN__DUPLICATE_METHOD_MATCH = YES;
				COPY_PHASE_STRIP = NO;
				DEBUG_INFORMATION_FORMAT = "dwarf-with-dsym";
				ENABLE_NS_ASSERTIONS = NO;
				ENABLE_STRICT_OBJC_MSGSEND = YES;
				GCC_C_LANGUAGE_STANDARD = gnu11;
				GCC_NO_COMMON_BLOCKS = YES;
				GCC_WARN_64_TO_32_BIT_CONVERSION = YES;
				GCC_WARN_ABOUT_RETURN_TYPE = YES_ERROR;
				GCC_WARN_UNDECLARED_SELECTOR = YES;
				GCC_WARN_UNINITIALIZED_AUTOS = YES_AGGRESSIVE;
				GCC_WARN_UNUSED_FUNCTION = YES;
				GCC_WARN_UNUSED_VARIABLE = YES;
				IPHONEOS_DEPLOYMENT_TARGET = 14.4;
				MTL_ENABLE_DEBUG_INFO = NO;
				MTL_FAST_MATH = YES;
				SDKROOT = iphoneos;
				SWIFT_COMPILATION_MODE = wholemodule;
				SWIFT_OPTIMIZATION_LEVEL = "-O";
				VALIDATE_PRODUCT = YES;
			};
			name = Release;
		};
		6DA4C25325F5C5BB00674DFD /* Debug */ = {
			isa = XCBuildConfiguration;
			baseConfigurationReference = 96A0CC8EB684396331E31E67 /* Pods-Mar-iguana Tours.debug.xcconfig */;
			buildSettings = {
				ASSETCATALOG_COMPILER_APPICON_NAME = AppIcon;
				ASSETCATALOG_COMPILER_GLOBAL_ACCENT_COLOR_NAME = AccentColor;
				CODE_SIGN_STYLE = Automatic;
				INFOPLIST_FILE = "Mar-iguana Tours/Info.plist";
				IPHONEOS_DEPLOYMENT_TARGET = 13.0;
				LD_RUNPATH_SEARCH_PATHS = (
					"$(inherited)",
					"@executable_path/Frameworks",
				);
				PRODUCT_BUNDLE_IDENTIFIER = "com.Mar-iguana-Tours.project";
				PRODUCT_NAME = "$(TARGET_NAME)";
				SWIFT_VERSION = 5.0;
				TARGETED_DEVICE_FAMILY = 1;
			};
			name = Debug;
		};
		6DA4C25425F5C5BB00674DFD /* Release */ = {
			isa = XCBuildConfiguration;
			baseConfigurationReference = B342FC8BE681145152CCD219 /* Pods-Mar-iguana Tours.release.xcconfig */;
			buildSettings = {
				ASSETCATALOG_COMPILER_APPICON_NAME = AppIcon;
				ASSETCATALOG_COMPILER_GLOBAL_ACCENT_COLOR_NAME = AccentColor;
				CODE_SIGN_STYLE = Automatic;
				INFOPLIST_FILE = "Mar-iguana Tours/Info.plist";
				IPHONEOS_DEPLOYMENT_TARGET = 13.0;
				LD_RUNPATH_SEARCH_PATHS = (
					"$(inherited)",
					"@executable_path/Frameworks",
				);
				PRODUCT_BUNDLE_IDENTIFIER = "com.Mar-iguana-Tours.project";
				PRODUCT_NAME = "$(TARGET_NAME)";
				SWIFT_VERSION = 5.0;
				TARGETED_DEVICE_FAMILY = 1;
			};
			name = Release;
		};
/* End XCBuildConfiguration section */

/* Begin XCConfigurationList section */
		6DA4C23625F5C5BA00674DFD /* Build configuration list for PBXProject "Mar-iguana Tours" */ = {
			isa = XCConfigurationList;
			buildConfigurations = (
				6DA4C25025F5C5BB00674DFD /* Debug */,
				6DA4C25125F5C5BB00674DFD /* Release */,
			);
			defaultConfigurationIsVisible = 0;
			defaultConfigurationName = Release;
		};
		6DA4C25225F5C5BB00674DFD /* Build configuration list for PBXNativeTarget "Mar-iguana Tours" */ = {
			isa = XCConfigurationList;
			buildConfigurations = (
				6DA4C25325F5C5BB00674DFD /* Debug */,
				6DA4C25425F5C5BB00674DFD /* Release */,
			);
			defaultConfigurationIsVisible = 0;
			defaultConfigurationName = Release;
		};
/* End XCConfigurationList section */

/* Begin XCVersionGroup section */
		6DA4C24725F5C5BA00674DFD /* Mar_iguana_Tours.xcdatamodeld */ = {
			isa = XCVersionGroup;
			children = (
				6DA4C24825F5C5BA00674DFD /* Mar_iguana_Tours.xcdatamodel */,
			);
			currentVersion = 6DA4C24825F5C5BA00674DFD /* Mar_iguana_Tours.xcdatamodel */;
			path = Mar_iguana_Tours.xcdatamodeld;
			sourceTree = "<group>";
			versionGroupType = wrapper.xcdatamodel;
		};
/* End XCVersionGroup section */
	};
	rootObject = 6DA4C23325F5C5BA00674DFD /* Project object */;
}
